
Microsoft Visual Studio Solution File, Format Version 12.00
# Visual Studio 15
VisualStudioVersion = 15.0.27703.2026
MinimumVisualStudioVersion = 10.0.40219.1
Project("{8BC9CEB8-8B4A-11D0-8D11-00A0C91BC942}") = "04.ListStack", "04.ListStack.vcxproj", "{AEA69A08-72FD-492F-ACFD-B7868E12CA78}"
EndProject
Global
	GlobalSection(SolutionConfigurationPlatforms) = preSolution
		Debug|x64 = Debug|x64
		Debug|x86 = Debug|x86
		Release|x64 = Release|x64
		Release|x86 = Release|x86
	EndGlobalSection
	GlobalSection(ProjectConfigurationPlatforms) = postSolution
		{AEA69A08-72FD-492F-ACFD-B7868E12CA78}.Debug|x64.ActiveCfg = Debug|x64
		{AEA69A08-72FD-492F-ACFD-B7868E12CA78}.Debug|x64.Build.0 = Debug|x64
		{AEA69A08-72FD-492F-ACFD-B7868E12CA78}.Debug|x86.ActiveCfg = Debug|Win32
		{AEA69A08-72FD-492F-ACFD-B7868E12CA78}.Debug|x86.Build.0 = Debug|Win32
		{AEA69A08-72FD-492F-ACFD-B7868E12CA78}.Release|x64.ActiveCfg = Release|x64
		{AEA69A08-72FD-492F-ACFD-B7868E12CA78}.Release|x64.Build.0 = Release|x64
		{AEA69A08-72FD-492F-ACFD-B7868E12CA78}.Release|x86.ActiveCfg = Release|Win32
		{AEA69A08-72FD-492F-ACFD-B7868E12CA78}.Release|x86.Build.0 = Release|Win32
	EndGlobalSection
	GlobalSection(SolutionProperties) = preSolution
		HideSolutionNode = FALSE
	EndGlobalSection
	GlobalSection(ExtensibilityGlobals) = postSolution
		SolutionGuid = {1329D64C-DA81-4F6D-ABFB-E5FAD4F858D1}
	EndGlobalSection
EndGlobal
